
Microsoft Visual Studio Solution File, Format Version 12.00
# Visual Studio Version 16
VisualStudioVersion = 16.0.30717.126
MinimumVisualStudioVersion = 10.0.40219.1
Project("{FAE04EC0-301F-11D3-BF4B-00C04F79EFBC}") = "CLRFunction1", "CLRFunction1\CLRFunction1.csproj", "{56AFA2CB-336F-4831-B697-AC61331ACC9E}"
EndProject
Global
	GlobalSection(SolutionConfigurationPlatforms) = preSolution
		Debug|Any CPU = Debug|Any CPU
		Release|Any CPU = Release|Any CPU
	EndGlobalSection
	GlobalSection(ProjectConfigurationPlatforms) = postSolution
		{56AFA2CB-336F-4831-B697-AC61331ACC9E}.Debug|Any CPU.ActiveCfg = Debug|Any CPU
		{56AFA2CB-336F-4831-B697-AC61331ACC9E}.Debug|Any CPU.Build.0 = Debug|Any CPU
		{56AFA2CB-336F-4831-B697-AC61331ACC9E}.Release|Any CPU.ActiveCfg = Release|Any CPU
		{56AFA2CB-336F-4831-B697-AC61331ACC9E}.Release|Any CPU.Build.0 = Release|Any CPU
	EndGlobalSection
	GlobalSection(SolutionProperties) = preSolution
		HideSolutionNode = FALSE
	EndGlobalSection
	GlobalSection(ExtensibilityGlobals) = postSolution
		SolutionGuid = {C9C651F5-258C-4C8B-88F8-D38DDB3FF6EE}
	EndGlobalSection
EndGlobal
